
Microsoft Visual Studio Solution File, Format Version 12.00
# Visual Studio 14
VisualStudioVersion = 14.0.25420.1
MinimumVisualStudioVersion = 10.0.40219.1
Project("{FAE04EC0-301F-11D3-BF4B-00C04F79EFBC}") = "FileConductor.Tests", "FileConductor.Tests\FileConductor.Tests.csproj", "{79F51731-059E-4050-94B8-C3EF245380CE}"
EndProject
Project("{FAE04EC0-301F-11D3-BF4B-00C04F79EFBC}") = "FileConductor.Service", "FileConductor.Service\FileConductor.Service.csproj", "{D031AD4E-296C-4464-8886-C2F3A7D3FC31}"
EndProject
Project("{FAE04EC0-301F-11D3-BF4B-00C04F79EFBC}") = "FileConductor", "FileConductor\FileConductor.csproj", "{B2EBBB4D-91DF-4E29-B864-1B36AA46EE28}"
EndProject
Project("{FAE04EC0-301F-11D3-BF4B-00C04F79EFBC}") = "ConfigurationTool", "FileConductor.ConfigurationTool\ConfigurationTool.csproj", "{6C2319EB-3CC6-4E52-BE32-34C6553FEA71}"
EndProject
Global
	GlobalSection(SolutionConfigurationPlatforms) = preSolution
		Debug|Any CPU = Debug|Any CPU
		Release|Any CPU = Release|Any CPU
	EndGlobalSection
	GlobalSection(ProjectConfigurationPlatforms) = postSolution
		{79F51731-059E-4050-94B8-C3EF245380CE}.Debug|Any CPU.ActiveCfg = Debug|Any CPU
		{79F51731-059E-4050-94B8-C3EF245380CE}.Debug|Any CPU.Build.0 = Debug|Any CPU
		{79F51731-059E-4050-94B8-C3EF245380CE}.Release|Any CPU.ActiveCfg = Release|Any CPU
		{79F51731-059E-4050-94B8-C3EF245380CE}.Release|Any CPU.Build.0 = Release|Any CPU
		{D031AD4E-296C-4464-8886-C2F3A7D3FC31}.Debug|Any CPU.ActiveCfg = Debug|Any CPU
		{D031AD4E-296C-4464-8886-C2F3A7D3FC31}.Debug|Any CPU.Build.0 = Debug|Any CPU
		{D031AD4E-296C-4464-8886-C2F3A7D3FC31}.Release|Any CPU.ActiveCfg = Release|Any CPU
		{D031AD4E-296C-4464-8886-C2F3A7D3FC31}.Release|Any CPU.Build.0 = Release|Any CPU
		{B2EBBB4D-91DF-4E29-B864-1B36AA46EE28}.Debug|Any CPU.ActiveCfg = Debug|Any CPU
		{B2EBBB4D-91DF-4E29-B864-1B36AA46EE28}.Debug|Any CPU.Build.0 = Debug|Any CPU
		{B2EBBB4D-91DF-4E29-B864-1B36AA46EE28}.Release|Any CPU.ActiveCfg = Release|Any CPU
		{B2EBBB4D-91DF-4E29-B864-1B36AA46EE28}.Release|Any CPU.Build.0 = Release|Any CPU
		{6C2319EB-3CC6-4E52-BE32-34C6553FEA71}.Debug|Any CPU.ActiveCfg = Debug|Any CPU
		{6C2319EB-3CC6-4E52-BE32-34C6553FEA71}.Debug|Any CPU.Build.0 = Debug|Any CPU
		{6C2319EB-3CC6-4E52-BE32-34C6553FEA71}.Release|Any CPU.ActiveCfg = Release|Any CPU
		{6C2319EB-3CC6-4E52-BE32-34C6553FEA71}.Release|Any CPU.Build.0 = Release|Any CPU
	EndGlobalSection
	GlobalSection(SolutionProperties) = preSolution
		HideSolutionNode = FALSE
	EndGlobalSection
EndGlobal
